
Microsoft Visual Studio Solution File, Format Version 12.00
# Visual Studio Version 17
VisualStudioVersion = 17.4.33213.308
MinimumVisualStudioVersion = 10.0.40219.1
Project("{FAE04EC0-301F-11D3-BF4B-00C04F79EFBC}") = "PluralsightPractice", "PluralsightPractice\PluralsightPractice.csproj", "{7005E2F6-676C-4828-A6DA-0068AD3B3EB2}"
EndProject
Global
	GlobalSection(SolutionConfigurationPlatforms) = preSolution
		Debug|Any CPU = Debug|Any CPU
		Release|Any CPU = Release|Any CPU
	EndGlobalSection
	GlobalSection(ProjectConfigurationPlatforms) = postSolution
		{7005E2F6-676C-4828-A6DA-0068AD3B3EB2}.Debug|Any CPU.ActiveCfg = Debug|Any CPU
		{7005E2F6-676C-4828-A6DA-0068AD3B3EB2}.Debug|Any CPU.Build.0 = Debug|Any CPU
		{7005E2F6-676C-4828-A6DA-0068AD3B3EB2}.Release|Any CPU.ActiveCfg = Release|Any CPU
		{7005E2F6-676C-4828-A6DA-0068AD3B3EB2}.Release|Any CPU.Build.0 = Release|Any CPU
	EndGlobalSection
	GlobalSection(SolutionProperties) = preSolution
		HideSolutionNode = FALSE
	EndGlobalSection
	GlobalSection(ExtensibilityGlobals) = postSolution
		SolutionGuid = {0FFC16AA-F8E2-4892-84C2-4D460D1244F3}
	EndGlobalSection
EndGlobal
